{
    "name": "bundler",
    "version": "1.0.0",
    "lockfileVersion": 2,
    "requires": true,
    "packages": {
        "": {
            "name": "bundler",
            "version": "1.0.0",
            "license": "ISC",
            "dependencies": {
                "acorn": "^8.8.1",
                "acorn-walk": "^8.2.0"
            }
        },
        "node_modules/acorn": {
            "version": "8.8.1",
            "resolved": "https://registry.npmjs.org/acorn/-/acorn-8.8.1.tgz",
            "integrity": "sha512-7zFpHzhnqYKrkYdUjF1HI1bzd0VygEGX8lFk4k5zVMqHEoES+P+7TKI+EvLO9WVMJ8eekdO0aDEK044xTXwPPA==",
            "bin": {
                "acorn": "bin/acorn"
            },
            "engines": {
                "node": ">=0.4.0"
            }
        },
        "node_modules/acorn-walk": {
            "version": "8.2.0",
            "resolved": "https://registry.npmjs.org/acorn-walk/-/acorn-walk-8.2.0.tgz",
            "integrity": "sha512-k+iyHEuPgSw6SbuDpGQM+06HQUa04DZ3o+F6CSzXMvvI5KMvnaEqXe+YVe555R9nn6GPt404fos4wcgpw12SDA==",
            "engines": {
                "node": ">=0.4.0"
            }
        }
    },
    "dependencies": {
        "acorn": {
            "version": "8.8.1",
            "resolved": "https://registry.npmjs.org/acorn/-/acorn-8.8.1.tgz",
            "integrity": "sha512-7zFpHzhnqYKrkYdUjF1HI1bzd0VygEGX8lFk4k5zVMqHEoES+P+7TKI+EvLO9WVMJ8eekdO0aDEK044xTXwPPA=="
        },
        "acorn-walk": {
            "version": "8.2.0",
            "resolved": "https://registry.npmjs.org/acorn-walk/-/acorn-walk-8.2.0.tgz",
            "integrity": "sha512-k+iyHEuPgSw6SbuDpGQM+06HQUa04DZ3o+F6CSzXMvvI5KMvnaEqXe+YVe555R9nn6GPt404fos4wcgpw12SDA=="
        }
    }
}
